
Microsoft Visual Studio Solution File, Format Version 12.00
# Visual Studio 15
VisualStudioVersion = 15.0.28010.2050
MinimumVisualStudioVersion = 10.0.40219.1
Project("{FAE04EC0-301F-11D3-BF4B-00C04F79EFBC}") = "StudentManagementSystem", "StudentManagementSystem\StudentManagementSystem.csproj", "{3C99AB46-ACB7-43F1-B046-953F9F9D8134}"
EndProject
Project("{FAE04EC0-301F-11D3-BF4B-00C04F79EFBC}") = "StudentEntity", "StudentEntity\StudentEntity.csproj", "{5418B22D-97D8-41F3-95EE-90205A1ACAE3}"
EndProject
Project("{FAE04EC0-301F-11D3-BF4B-00C04F79EFBC}") = "StudentException", "StudentException\StudentException.csproj", "{A2A906D3-ADC4-40BA-82CD-0EED87D97742}"
EndProject
Project("{FAE04EC0-301F-11D3-BF4B-00C04F79EFBC}") = "StudentBLL", "StudentBLL\StudentBLL.csproj", "{56B9126C-DBEE-4912-AF7E-8079CF8C7DD4}"
EndProject
Project("{FAE04EC0-301F-11D3-BF4B-00C04F79EFBC}") = "StudentDAL", "StudentDAL\StudentDAL.csproj", "{C28E5331-5272-4ECB-8152-9873DC498DB0}"
EndProject
Global
	GlobalSection(SolutionConfigurationPlatforms) = preSolution
		Debug|Any CPU = Debug|Any CPU
		Release|Any CPU = Release|Any CPU
	EndGlobalSection
	GlobalSection(ProjectConfigurationPlatforms) = postSolution
		{3C99AB46-ACB7-43F1-B046-953F9F9D8134}.Debug|Any CPU.ActiveCfg = Debug|Any CPU
		{3C99AB46-ACB7-43F1-B046-953F9F9D8134}.Debug|Any CPU.Build.0 = Debug|Any CPU
		{3C99AB46-ACB7-43F1-B046-953F9F9D8134}.Release|Any CPU.ActiveCfg = Release|Any CPU
		{3C99AB46-ACB7-43F1-B046-953F9F9D8134}.Release|Any CPU.Build.0 = Release|Any CPU
		{5418B22D-97D8-41F3-95EE-90205A1ACAE3}.Debug|Any CPU.ActiveCfg = Debug|Any CPU
		{5418B22D-97D8-41F3-95EE-90205A1ACAE3}.Debug|Any CPU.Build.0 = Debug|Any CPU
		{5418B22D-97D8-41F3-95EE-90205A1ACAE3}.Release|Any CPU.ActiveCfg = Release|Any CPU
		{5418B22D-97D8-41F3-95EE-90205A1ACAE3}.Release|Any CPU.Build.0 = Release|Any CPU
		{A2A906D3-ADC4-40BA-82CD-0EED87D97742}.Debug|Any CPU.ActiveCfg = Debug|Any CPU
		{A2A906D3-ADC4-40BA-82CD-0EED87D97742}.Debug|Any CPU.Build.0 = Debug|Any CPU
		{A2A906D3-ADC4-40BA-82CD-0EED87D97742}.Release|Any CPU.ActiveCfg = Release|Any CPU
		{A2A906D3-ADC4-40BA-82CD-0EED87D97742}.Release|Any CPU.Build.0 = Release|Any CPU
		{56B9126C-DBEE-4912-AF7E-8079CF8C7DD4}.Debug|Any CPU.ActiveCfg = Debug|Any CPU
		{56B9126C-DBEE-4912-AF7E-8079CF8C7DD4}.Debug|Any CPU.Build.0 = Debug|Any CPU
		{56B9126C-DBEE-4912-AF7E-8079CF8C7DD4}.Release|Any CPU.ActiveCfg = Release|Any CPU
		{56B9126C-DBEE-4912-AF7E-8079CF8C7DD4}.Release|Any CPU.Build.0 = Release|Any CPU
		{C28E5331-5272-4ECB-8152-9873DC498DB0}.Debug|Any CPU.ActiveCfg = Debug|Any CPU
		{C28E5331-5272-4ECB-8152-9873DC498DB0}.Debug|Any CPU.Build.0 = Debug|Any CPU
		{C28E5331-5272-4ECB-8152-9873DC498DB0}.Release|Any CPU.ActiveCfg = Release|Any CPU
		{C28E5331-5272-4ECB-8152-9873DC498DB0}.Release|Any CPU.Build.0 = Release|Any CPU
	EndGlobalSection
	GlobalSection(SolutionProperties) = preSolution
		HideSolutionNode = FALSE
	EndGlobalSection
	GlobalSection(ExtensibilityGlobals) = postSolution
		SolutionGuid = {B40FB6C6-A4B1-4425-BD8B-63A19A915CDB}
	EndGlobalSection
EndGlobal
