
Microsoft Visual Studio Solution File, Format Version 12.00
# Visual Studio 15
VisualStudioVersion = 15.0.28307.168
MinimumVisualStudioVersion = 10.0.40219.1
Project("{FAE04EC0-301F-11D3-BF4B-00C04F79EFBC}") = "ExpBodied", "ExpBodied\ExpBodied.csproj", "{E7A65365-84B3-4C43-B0EF-72D5E9727BB1}"
EndProject
Global
	GlobalSection(SolutionConfigurationPlatforms) = preSolution
		Debug|Any CPU = Debug|Any CPU
		Release|Any CPU = Release|Any CPU
	EndGlobalSection
	GlobalSection(ProjectConfigurationPlatforms) = postSolution
		{E7A65365-84B3-4C43-B0EF-72D5E9727BB1}.Debug|Any CPU.ActiveCfg = Debug|Any CPU
		{E7A65365-84B3-4C43-B0EF-72D5E9727BB1}.Debug|Any CPU.Build.0 = Debug|Any CPU
		{E7A65365-84B3-4C43-B0EF-72D5E9727BB1}.Release|Any CPU.ActiveCfg = Release|Any CPU
		{E7A65365-84B3-4C43-B0EF-72D5E9727BB1}.Release|Any CPU.Build.0 = Release|Any CPU
	EndGlobalSection
	GlobalSection(SolutionProperties) = preSolution
		HideSolutionNode = FALSE
	EndGlobalSection
	GlobalSection(ExtensibilityGlobals) = postSolution
		SolutionGuid = {532E6C90-1087-41B2-96E7-DCEB25E034B1}
	EndGlobalSection
EndGlobal
