
Microsoft Visual Studio Solution File, Format Version 12.00
# Visual Studio 15
VisualStudioVersion = 15.0.28307.168
MinimumVisualStudioVersion = 10.0.40219.1
Project("{FAE04EC0-301F-11D3-BF4B-00C04F79EFBC}") = "LQ9Dictionary", "LQ9Dictionary\LQ9Dictionary.csproj", "{386D35C9-D68D-40AC-8EC4-25EEFC3DFB26}"
EndProject
Global
	GlobalSection(SolutionConfigurationPlatforms) = preSolution
		Debug|Any CPU = Debug|Any CPU
		Release|Any CPU = Release|Any CPU
	EndGlobalSection
	GlobalSection(ProjectConfigurationPlatforms) = postSolution
		{386D35C9-D68D-40AC-8EC4-25EEFC3DFB26}.Debug|Any CPU.ActiveCfg = Debug|Any CPU
		{386D35C9-D68D-40AC-8EC4-25EEFC3DFB26}.Debug|Any CPU.Build.0 = Debug|Any CPU
		{386D35C9-D68D-40AC-8EC4-25EEFC3DFB26}.Release|Any CPU.ActiveCfg = Release|Any CPU
		{386D35C9-D68D-40AC-8EC4-25EEFC3DFB26}.Release|Any CPU.Build.0 = Release|Any CPU
	EndGlobalSection
	GlobalSection(SolutionProperties) = preSolution
		HideSolutionNode = FALSE
	EndGlobalSection
	GlobalSection(ExtensibilityGlobals) = postSolution
		SolutionGuid = {39772FB2-D0D9-4FA0-874F-0306D0932AEA}
	EndGlobalSection
EndGlobal
