
Microsoft Visual Studio Solution File, Format Version 12.00
# Visual Studio 15
VisualStudioVersion = 15.0.28010.2050
MinimumVisualStudioVersion = 10.0.40219.1
Project("{FAE04EC0-301F-11D3-BF4B-00C04F79EFBC}") = "Q3", "Q3\Q3.csproj", "{314B021F-0892-49F9-9636-B2369C9B2293}"
EndProject
Global
	GlobalSection(SolutionConfigurationPlatforms) = preSolution
		Debug|Any CPU = Debug|Any CPU
		Release|Any CPU = Release|Any CPU
	EndGlobalSection
	GlobalSection(ProjectConfigurationPlatforms) = postSolution
		{314B021F-0892-49F9-9636-B2369C9B2293}.Debug|Any CPU.ActiveCfg = Debug|Any CPU
		{314B021F-0892-49F9-9636-B2369C9B2293}.Debug|Any CPU.Build.0 = Debug|Any CPU
		{314B021F-0892-49F9-9636-B2369C9B2293}.Release|Any CPU.ActiveCfg = Release|Any CPU
		{314B021F-0892-49F9-9636-B2369C9B2293}.Release|Any CPU.Build.0 = Release|Any CPU
	EndGlobalSection
	GlobalSection(SolutionProperties) = preSolution
		HideSolutionNode = FALSE
	EndGlobalSection
	GlobalSection(ExtensibilityGlobals) = postSolution
		SolutionGuid = {53E949B1-9854-4E57-9DAE-0DB6D0C02D1A}
	EndGlobalSection
EndGlobal
