
Microsoft Visual Studio Solution File, Format Version 12.00
# Visual Studio 15
VisualStudioVersion = 15.0.28010.2050
MinimumVisualStudioVersion = 10.0.40219.1
Project("{FAE04EC0-301F-11D3-BF4B-00C04F79EFBC}") = "Q2", "Q2\Q2.csproj", "{A42263FA-6461-4F70-BF09-EBC83E1EDE6F}"
EndProject
Global
	GlobalSection(SolutionConfigurationPlatforms) = preSolution
		Debug|Any CPU = Debug|Any CPU
		Release|Any CPU = Release|Any CPU
	EndGlobalSection
	GlobalSection(ProjectConfigurationPlatforms) = postSolution
		{A42263FA-6461-4F70-BF09-EBC83E1EDE6F}.Debug|Any CPU.ActiveCfg = Debug|Any CPU
		{A42263FA-6461-4F70-BF09-EBC83E1EDE6F}.Debug|Any CPU.Build.0 = Debug|Any CPU
		{A42263FA-6461-4F70-BF09-EBC83E1EDE6F}.Release|Any CPU.ActiveCfg = Release|Any CPU
		{A42263FA-6461-4F70-BF09-EBC83E1EDE6F}.Release|Any CPU.Build.0 = Release|Any CPU
	EndGlobalSection
	GlobalSection(SolutionProperties) = preSolution
		HideSolutionNode = FALSE
	EndGlobalSection
	GlobalSection(ExtensibilityGlobals) = postSolution
		SolutionGuid = {05AEDC04-E63F-48DB-BCDE-82C82033CEA0}
	EndGlobalSection
EndGlobal
