
Microsoft Visual Studio Solution File, Format Version 12.00
# Visual Studio 15
VisualStudioVersion = 15.0.28307.168
MinimumVisualStudioVersion = 10.0.40219.1
Project("{FAE04EC0-301F-11D3-BF4B-00C04F79EFBC}") = "ElectricityBillSystem", "ElectricityBillSystem\ElectricityBillSystem.csproj", "{5373146B-5A78-4147-B1A3-B6E9721D70FA}"
EndProject
Project("{FAE04EC0-301F-11D3-BF4B-00C04F79EFBC}") = "El_Entities", "El_Entities\El_Entities.csproj", "{D095DFC0-28FC-4532-B495-D43836F7CB85}"
EndProject
Project("{FAE04EC0-301F-11D3-BF4B-00C04F79EFBC}") = "El_Exceptions", "El_Exceptions\El_Exceptions.csproj", "{D08EAAE4-8CE6-42D7-B89E-584017C4C159}"
EndProject
Project("{FAE04EC0-301F-11D3-BF4B-00C04F79EFBC}") = "El_DAL", "El_DAL\El_DAL.csproj", "{DC45D5CA-6365-4F1B-BAA0-30409D44F891}"
EndProject
Project("{FAE04EC0-301F-11D3-BF4B-00C04F79EFBC}") = "El_BAL", "El_BAL\El_BAL.csproj", "{DEB12374-C9F9-47A7-AD46-AF558D147AB8}"
EndProject
Global
	GlobalSection(SolutionConfigurationPlatforms) = preSolution
		Debug|Any CPU = Debug|Any CPU
		Release|Any CPU = Release|Any CPU
	EndGlobalSection
	GlobalSection(ProjectConfigurationPlatforms) = postSolution
		{5373146B-5A78-4147-B1A3-B6E9721D70FA}.Debug|Any CPU.ActiveCfg = Debug|Any CPU
		{5373146B-5A78-4147-B1A3-B6E9721D70FA}.Debug|Any CPU.Build.0 = Debug|Any CPU
		{5373146B-5A78-4147-B1A3-B6E9721D70FA}.Release|Any CPU.ActiveCfg = Release|Any CPU
		{5373146B-5A78-4147-B1A3-B6E9721D70FA}.Release|Any CPU.Build.0 = Release|Any CPU
		{D095DFC0-28FC-4532-B495-D43836F7CB85}.Debug|Any CPU.ActiveCfg = Debug|Any CPU
		{D095DFC0-28FC-4532-B495-D43836F7CB85}.Debug|Any CPU.Build.0 = Debug|Any CPU
		{D095DFC0-28FC-4532-B495-D43836F7CB85}.Release|Any CPU.ActiveCfg = Release|Any CPU
		{D095DFC0-28FC-4532-B495-D43836F7CB85}.Release|Any CPU.Build.0 = Release|Any CPU
		{D08EAAE4-8CE6-42D7-B89E-584017C4C159}.Debug|Any CPU.ActiveCfg = Debug|Any CPU
		{D08EAAE4-8CE6-42D7-B89E-584017C4C159}.Debug|Any CPU.Build.0 = Debug|Any CPU
		{D08EAAE4-8CE6-42D7-B89E-584017C4C159}.Release|Any CPU.ActiveCfg = Release|Any CPU
		{D08EAAE4-8CE6-42D7-B89E-584017C4C159}.Release|Any CPU.Build.0 = Release|Any CPU
		{DC45D5CA-6365-4F1B-BAA0-30409D44F891}.Debug|Any CPU.ActiveCfg = Debug|Any CPU
		{DC45D5CA-6365-4F1B-BAA0-30409D44F891}.Debug|Any CPU.Build.0 = Debug|Any CPU
		{DC45D5CA-6365-4F1B-BAA0-30409D44F891}.Release|Any CPU.ActiveCfg = Release|Any CPU
		{DC45D5CA-6365-4F1B-BAA0-30409D44F891}.Release|Any CPU.Build.0 = Release|Any CPU
		{DEB12374-C9F9-47A7-AD46-AF558D147AB8}.Debug|Any CPU.ActiveCfg = Debug|Any CPU
		{DEB12374-C9F9-47A7-AD46-AF558D147AB8}.Debug|Any CPU.Build.0 = Debug|Any CPU
		{DEB12374-C9F9-47A7-AD46-AF558D147AB8}.Release|Any CPU.ActiveCfg = Release|Any CPU
		{DEB12374-C9F9-47A7-AD46-AF558D147AB8}.Release|Any CPU.Build.0 = Release|Any CPU
	EndGlobalSection
	GlobalSection(SolutionProperties) = preSolution
		HideSolutionNode = FALSE
	EndGlobalSection
	GlobalSection(ExtensibilityGlobals) = postSolution
		SolutionGuid = {E2CFF4E7-02A5-4292-99E7-4668332D25DB}
	EndGlobalSection
EndGlobal
