
Microsoft Visual Studio Solution File, Format Version 12.00
# Visual Studio 15
VisualStudioVersion = 15.0.28307.168
MinimumVisualStudioVersion = 10.0.40219.1
Project("{FAE04EC0-301F-11D3-BF4B-00C04F79EFBC}") = "LQ6ExceptionsClass", "LQ6ExceptionsClass\LQ6ExceptionsClass.csproj", "{AA653A93-2386-447B-BA4E-18C3A067B435}"
EndProject
Global
	GlobalSection(SolutionConfigurationPlatforms) = preSolution
		Debug|Any CPU = Debug|Any CPU
		Release|Any CPU = Release|Any CPU
	EndGlobalSection
	GlobalSection(ProjectConfigurationPlatforms) = postSolution
		{AA653A93-2386-447B-BA4E-18C3A067B435}.Debug|Any CPU.ActiveCfg = Debug|Any CPU
		{AA653A93-2386-447B-BA4E-18C3A067B435}.Debug|Any CPU.Build.0 = Debug|Any CPU
		{AA653A93-2386-447B-BA4E-18C3A067B435}.Release|Any CPU.ActiveCfg = Release|Any CPU
		{AA653A93-2386-447B-BA4E-18C3A067B435}.Release|Any CPU.Build.0 = Release|Any CPU
	EndGlobalSection
	GlobalSection(SolutionProperties) = preSolution
		HideSolutionNode = FALSE
	EndGlobalSection
	GlobalSection(ExtensibilityGlobals) = postSolution
		SolutionGuid = {F09C4863-39D7-4991-BD7A-E76C87D8E4F8}
	EndGlobalSection
EndGlobal
