
Microsoft Visual Studio Solution File, Format Version 12.00
# Visual Studio 15
VisualStudioVersion = 15.0.28307.168
MinimumVisualStudioVersion = 10.0.40219.1
Project("{FAE04EC0-301F-11D3-BF4B-00C04F79EFBC}") = "LQ7ListsContact", "LQ7ListsContact\LQ7ListsContact.csproj", "{73089CEA-7C2D-41ED-8EFA-2638F393F8FE}"
EndProject
Global
	GlobalSection(SolutionConfigurationPlatforms) = preSolution
		Debug|Any CPU = Debug|Any CPU
		Release|Any CPU = Release|Any CPU
	EndGlobalSection
	GlobalSection(ProjectConfigurationPlatforms) = postSolution
		{73089CEA-7C2D-41ED-8EFA-2638F393F8FE}.Debug|Any CPU.ActiveCfg = Debug|Any CPU
		{73089CEA-7C2D-41ED-8EFA-2638F393F8FE}.Debug|Any CPU.Build.0 = Debug|Any CPU
		{73089CEA-7C2D-41ED-8EFA-2638F393F8FE}.Release|Any CPU.ActiveCfg = Release|Any CPU
		{73089CEA-7C2D-41ED-8EFA-2638F393F8FE}.Release|Any CPU.Build.0 = Release|Any CPU
	EndGlobalSection
	GlobalSection(SolutionProperties) = preSolution
		HideSolutionNode = FALSE
	EndGlobalSection
	GlobalSection(ExtensibilityGlobals) = postSolution
		SolutionGuid = {AAC78F97-52ED-44D0-BC8A-79031385F5DE}
	EndGlobalSection
EndGlobal
